
Microsoft Visual Studio Solution File, Format Version 12.00
# Visual Studio Version 17
VisualStudioVersion = 17.13.35806.99 d17.13
MinimumVisualStudioVersion = 10.0.40219.1
Project("{FAE04EC0-301F-11D3-BF4B-00C04F79EFBC}") = "pantallas", "pantallas\pantallas.csproj", "{9E41ABDB-D86A-4BDA-B10F-1EA730258B4C}"
EndProject
Global
	GlobalSection(SolutionConfigurationPlatforms) = preSolution
		Debug|Any CPU = Debug|Any CPU
		Release|Any CPU = Release|Any CPU
	EndGlobalSection
	GlobalSection(ProjectConfigurationPlatforms) = postSolution
		{9E41ABDB-D86A-4BDA-B10F-1EA730258B4C}.Debug|Any CPU.ActiveCfg = Debug|Any CPU
		{9E41ABDB-D86A-4BDA-B10F-1EA730258B4C}.Debug|Any CPU.Build.0 = Debug|Any CPU
		{9E41ABDB-D86A-4BDA-B10F-1EA730258B4C}.Debug|Any CPU.Deploy.0 = Debug|Any CPU
		{9E41ABDB-D86A-4BDA-B10F-1EA730258B4C}.Release|Any CPU.ActiveCfg = Release|Any CPU
		{9E41ABDB-D86A-4BDA-B10F-1EA730258B4C}.Release|Any CPU.Build.0 = Release|Any CPU
		{9E41ABDB-D86A-4BDA-B10F-1EA730258B4C}.Release|Any CPU.Deploy.0 = Release|Any CPU
	EndGlobalSection
	GlobalSection(SolutionProperties) = preSolution
		HideSolutionNode = FALSE
	EndGlobalSection
	GlobalSection(ExtensibilityGlobals) = postSolution
		SolutionGuid = {FCFD8739-A5C0-44BA-8AE4-0383A957992A}
	EndGlobalSection
EndGlobal
